
Microsoft Visual Studio Solution File, Format Version 12.00
# Visual Studio Version 17
VisualStudioVersion = 17.11.35327.3
MinimumVisualStudioVersion = 10.0.40219.1
Project("{FAE04EC0-301F-11D3-BF4B-00C04F79EFBC}") = "KizuBasicCsharp", "KizuBasicCsharp\KizuBasicCsharp.csproj", "{E67A679B-E887-451B-B9AE-A0C81DA70088}"
EndProject
Global
	GlobalSection(SolutionConfigurationPlatforms) = preSolution
		Debug|Any CPU = Debug|Any CPU
		Release|Any CPU = Release|Any CPU
	EndGlobalSection
	GlobalSection(ProjectConfigurationPlatforms) = postSolution
		{E67A679B-E887-451B-B9AE-A0C81DA70088}.Debug|Any CPU.ActiveCfg = Debug|Any CPU
		{E67A679B-E887-451B-B9AE-A0C81DA70088}.Debug|Any CPU.Build.0 = Debug|Any CPU
		{E67A679B-E887-451B-B9AE-A0C81DA70088}.Release|Any CPU.ActiveCfg = Release|Any CPU
		{E67A679B-E887-451B-B9AE-A0C81DA70088}.Release|Any CPU.Build.0 = Release|Any CPU
	EndGlobalSection
	GlobalSection(SolutionProperties) = preSolution
		HideSolutionNode = FALSE
	EndGlobalSection
	GlobalSection(ExtensibilityGlobals) = postSolution
		SolutionGuid = {BC1BD27E-A888-48E9-95A2-8A79124B51B2}
	EndGlobalSection
EndGlobal
